# This is a Gradle generated file for dependency locking.
# Manual edits can break the build and are not advised.
# This file is expected to be part of source control.
ch.qos.logback:logback-classic:1.1.6=apiDependenciesMetadata,compileClasspath,implementationDependenciesMetadata,oneconfigCompileClasspath,oneconfigImplementationDependenciesMetadata,oneconfigRuntimeClasspath,runtimeClasspath,shadowApi,testCompileClasspath,testImplementationDependenciesMetadata,testRuntimeClasspath
ch.qos.logback:logback-core:1.1.6=apiDependenciesMetadata,compileClasspath,implementationDependenciesMetadata,oneconfigCompileClasspath,oneconfigImplementationDependenciesMetadata,oneconfigRuntimeClasspath,runtimeClasspath,shadowApi,testCompileClasspath,testImplementationDependenciesMetadata,testRuntimeClasspath
com.beust:jcommander:1.82=detekt
com.electronwill.night-config:core:3.6.5=runtimeClasspath
com.electronwill.night-config:toml:3.6.5=runtimeClasspath
com.google.auto.service:auto-service-annotations:1.0=kspKotlinProcessorClasspath,kspOneconfigKotlinProcessorClasspath,kspTestKotlinProcessorClasspath
com.google.auto.service:auto-service-annotations:1.0.1=compileClasspath,implementationDependenciesMetadata,oneconfigCompileClasspath,oneconfigImplementationDependenciesMetadata,oneconfigRuntimeClasspath,runtimeClasspath,testCompileClasspath,testImplementationDependenciesMetadata,testRuntimeClasspath
com.google.code.findbugs:jsr305:1.3.9=forgeDependencies,loaderLibraries,minecraftLibraries,minecraftNamed
com.google.code.findbugs:jsr305:2.0.1=annotationProcessor,compileClasspath,forgeRuntimeLibrary,oneconfigAnnotationProcessor,oneconfigCompileClasspath,oneconfigImplementationDependenciesMetadata,oneconfigRuntimeClasspath,runtimeClasspath,testAnnotationProcessor,testCompileClasspath,testRuntimeClasspath
com.google.code.findbugs:jsr305:3.0.2=kspKotlinProcessorClasspath,kspOneconfigKotlinProcessorClasspath,kspTestKotlinProcessorClasspath
com.google.code.gson:gson:2.2.4=annotationProcessor,compileClasspath,forgeRuntimeLibrary,loaderLibraries,minecraftLibraries,minecraftNamed,oneconfigAnnotationProcessor,oneconfigCompileClasspath,oneconfigImplementationDependenciesMetadata,oneconfigRuntimeClasspath,runtimeClasspath,testAnnotationProcessor,testCompileClasspath,testRuntimeClasspath
com.google.devtools.ksp:symbol-processing-api:1.8.0-1.0.8=kspKotlinProcessorClasspath,kspOneconfigKotlinProcessorClasspath,kspTestKotlinProcessorClasspath,oneconfigRuntimeClasspath
com.google.devtools.ksp:symbol-processing-api:1.8.21-1.0.11=kotlinCompilerPluginClasspathMain,kotlinCompilerPluginClasspathOneconfig,kotlinCompilerPluginClasspathTest,kspPluginClasspath,kspPluginClasspathNonEmbeddable
com.google.devtools.ksp:symbol-processing-cmdline:1.8.21-1.0.11=kspPluginClasspathNonEmbeddable
com.google.devtools.ksp:symbol-processing:1.8.21-1.0.11=kotlinCompilerPluginClasspathMain,kotlinCompilerPluginClasspathOneconfig,kotlinCompilerPluginClasspathTest,kspPluginClasspath
com.google.errorprone:error_prone_annotations:2.5.1=kspKotlinProcessorClasspath,kspOneconfigKotlinProcessorClasspath,kspTestKotlinProcessorClasspath
com.google.guava:failureaccess:1.0.1=kspKotlinProcessorClasspath,kspOneconfigKotlinProcessorClasspath,kspTestKotlinProcessorClasspath
com.google.guava:guava:17.0=compileClasspath,forgeRuntimeLibrary,loaderLibraries,minecraftLibraries,minecraftNamed,oneconfigAnnotationProcessor,oneconfigCompileClasspath,oneconfigImplementationDependenciesMetadata,oneconfigRuntimeClasspath,runtimeClasspath,testCompileClasspath,testRuntimeClasspath
com.google.guava:guava:21.0=annotationProcessor,testAnnotationProcessor
com.google.guava:guava:30.1.1-jre=kspKotlinProcessorClasspath,kspOneconfigKotlinProcessorClasspath,kspTestKotlinProcessorClasspath
com.google.guava:listenablefuture:9999.0-empty-to-avoid-conflict-with-guava=kspKotlinProcessorClasspath,kspOneconfigKotlinProcessorClasspath,kspTestKotlinProcessorClasspath
com.google.j2objc:j2objc-annotations:1.3=kspKotlinProcessorClasspath,kspOneconfigKotlinProcessorClasspath,kspTestKotlinProcessorClasspath
com.ibm.icu:icu4j-core-mojang:51.2=annotationProcessor,compileClasspath,forgeRuntimeLibrary,loaderLibraries,minecraftLibraries,minecraftNamed,oneconfigAnnotationProcessor,oneconfigCompileClasspath,oneconfigImplementationDependenciesMetadata,oneconfigRuntimeClasspath,runtimeClasspath,testAnnotationProcessor,testCompileClasspath,testRuntimeClasspath
com.mojang:authlib:1.5.21=annotationProcessor,compileClasspath,forgeRuntimeLibrary,loaderLibraries,minecraftLibraries,minecraftNamed,oneconfigAnnotationProcessor,oneconfigCompileClasspath,oneconfigImplementationDependenciesMetadata,oneconfigRuntimeClasspath,runtimeClasspath,testAnnotationProcessor,testCompileClasspath,testRuntimeClasspath
com.mojang:brigadier:1.0.18=compileClasspath,implementationDependenciesMetadata,oneconfigCompileClasspath,oneconfigImplementationDependenciesMetadata,oneconfigRuntimeClasspath,runtimeClasspath,shadowImplementation,testCompileClasspath,testImplementationDependenciesMetadata,testRuntimeClasspath
com.mojang:netty:1.8.8=annotationProcessor,compileClasspath,forgeRuntimeLibrary,loaderLibraries,minecraftLibraries,minecraftNamed,oneconfigAnnotationProcessor,oneconfigCompileClasspath,oneconfigImplementationDependenciesMetadata,oneconfigRuntimeClasspath,runtimeClasspath,testAnnotationProcessor,testCompileClasspath,testRuntimeClasspath
com.mojang:realms:1.7.59=annotationProcessor,compileClasspath,forgeRuntimeLibrary,loaderLibraries,minecraftLibraries,minecraftNamed,oneconfigAnnotationProcessor,oneconfigCompileClasspath,oneconfigImplementationDependenciesMetadata,oneconfigRuntimeClasspath,runtimeClasspath,testAnnotationProcessor,testCompileClasspath,testRuntimeClasspath
com.paulscode:codecjorbis:20101023=annotationProcessor,compileClasspath,forgeRuntimeLibrary,loaderLibraries,minecraftLibraries,minecraftNamed,oneconfigAnnotationProcessor,oneconfigCompileClasspath,oneconfigImplementationDependenciesMetadata,oneconfigRuntimeClasspath,runtimeClasspath,testAnnotationProcessor,testCompileClasspath,testRuntimeClasspath
com.paulscode:codecwav:20101023=annotationProcessor,compileClasspath,forgeRuntimeLibrary,loaderLibraries,minecraftLibraries,minecraftNamed,oneconfigAnnotationProcessor,oneconfigCompileClasspath,oneconfigImplementationDependenciesMetadata,oneconfigRuntimeClasspath,runtimeClasspath,testAnnotationProcessor,testCompileClasspath,testRuntimeClasspath
com.paulscode:libraryjavasound:20101123=annotationProcessor,compileClasspath,forgeRuntimeLibrary,loaderLibraries,minecraftLibraries,minecraftNamed,oneconfigAnnotationProcessor,oneconfigCompileClasspath,oneconfigImplementationDependenciesMetadata,oneconfigRuntimeClasspath,runtimeClasspath,testAnnotationProcessor,testCompileClasspath,testRuntimeClasspath
com.paulscode:librarylwjglopenal:20100824=annotationProcessor,compileClasspath,forgeRuntimeLibrary,loaderLibraries,minecraftLibraries,minecraftNamed,oneconfigAnnotationProcessor,oneconfigCompileClasspath,oneconfigImplementationDependenciesMetadata,oneconfigRuntimeClasspath,runtimeClasspath,testAnnotationProcessor,testCompileClasspath,testRuntimeClasspath
com.paulscode:soundsystem:20120107=annotationProcessor,compileClasspath,forgeRuntimeLibrary,loaderLibraries,minecraftLibraries,minecraftNamed,oneconfigAnnotationProcessor,oneconfigCompileClasspath,oneconfigImplementationDependenciesMetadata,oneconfigRuntimeClasspath,runtimeClasspath,testAnnotationProcessor,testCompileClasspath,testRuntimeClasspath
com.squareup:kotlinpoet-ksp:1.12.0=kspKotlinProcessorClasspath,kspOneconfigKotlinProcessorClasspath,kspTestKotlinProcessorClasspath,oneconfigRuntimeClasspath
com.squareup:kotlinpoet:1.12.0=kspKotlinProcessorClasspath,kspOneconfigKotlinProcessorClasspath,kspTestKotlinProcessorClasspath,oneconfigRuntimeClasspath
com.typesafe.akka:akka-actor_2.11:2.3.3=annotationProcessor,compileClasspath,forgeDependencies,forgeRuntimeLibrary,loaderLibraries,minecraftLibraries,minecraftNamed,oneconfigAnnotationProcessor,oneconfigCompileClasspath,oneconfigImplementationDependenciesMetadata,oneconfigRuntimeClasspath,runtimeClasspath,testAnnotationProcessor,testCompileClasspath,testRuntimeClasspath
com.typesafe:config:1.2.1=annotationProcessor,compileClasspath,forgeDependencies,forgeRuntimeLibrary,loaderLibraries,minecraftLibraries,minecraftNamed,oneconfigAnnotationProcessor,oneconfigCompileClasspath,oneconfigImplementationDependenciesMetadata,oneconfigRuntimeClasspath,runtimeClasspath,testAnnotationProcessor,testCompileClasspath,testRuntimeClasspath
commons-codec:commons-codec:1.6=apiDependenciesMetadata,implementationDependenciesMetadata,shadowApi,testImplementationDependenciesMetadata
commons-codec:commons-codec:1.9=annotationProcessor,compileClasspath,forgeRuntimeLibrary,loaderLibraries,minecraftLibraries,minecraftNamed,oneconfigAnnotationProcessor,oneconfigCompileClasspath,oneconfigImplementationDependenciesMetadata,oneconfigRuntimeClasspath,runtimeClasspath,testAnnotationProcessor,testCompileClasspath,testRuntimeClasspath
commons-io:commons-io:2.4=annotationProcessor,compileClasspath,forgeRuntimeLibrary,loaderLibraries,minecraftLibraries,minecraftNamed,oneconfigAnnotationProcessor,oneconfigCompileClasspath,oneconfigImplementationDependenciesMetadata,oneconfigRuntimeClasspath,runtimeClasspath,testAnnotationProcessor,testCompileClasspath,testRuntimeClasspath
commons-logging:commons-logging:1.1.3=annotationProcessor,apiDependenciesMetadata,compileClasspath,forgeRuntimeLibrary,implementationDependenciesMetadata,loaderLibraries,minecraftLibraries,minecraftNamed,oneconfigAnnotationProcessor,oneconfigCompileClasspath,oneconfigImplementationDependenciesMetadata,oneconfigRuntimeClasspath,runtimeClasspath,shadowApi,testAnnotationProcessor,testCompileClasspath,testImplementationDependenciesMetadata,testRuntimeClasspath
de.oceanlabs.mcp:mcp:1.8.9=mcp,srg
de.oceanlabs.mcp:mcp_stable:22-1.8.9=mappings
de_oceanlabs_mcp_mcp_stable_1_8_9_22_1_8_9_forge_1_8_9_11_15_1_2318_1_8_9_forge.cc.polyfrost:oneconfig-1.8.9-forge:0.1.0-alpha155=oneconfigCompileClasspath,oneconfigCompileOnlyDependenciesMetadata
de_oceanlabs_mcp_mcp_stable_1_8_9_22_1_8_9_forge_1_8_9_11_15_1_2318_1_8_9_forge.cc.polyfrost:universalcraft-1.8.9-forge:246=oneconfigCompileClasspath,oneconfigCompileOnlyDependenciesMetadata
de_oceanlabs_mcp_mcp_stable_1_8_9_22_1_8_9_forge_1_8_9_11_15_1_2318_1_8_9_forge.org.jetbrains.kotlin:kotlin-reflect:1.6.21=oneconfigCompileClasspath,oneconfigCompileOnlyDependenciesMetadata
de_oceanlabs_mcp_mcp_stable_1_8_9_22_1_8_9_forge_1_8_9_11_15_1_2318_1_8_9_forge.org.jetbrains.kotlin:kotlin-stdlib-common:1.6.21=oneconfigCompileClasspath,oneconfigCompileOnlyDependenciesMetadata
de_oceanlabs_mcp_mcp_stable_1_8_9_22_1_8_9_forge_1_8_9_11_15_1_2318_1_8_9_forge.org.jetbrains.kotlin:kotlin-stdlib-jdk7:1.6.21=oneconfigCompileClasspath,oneconfigCompileOnlyDependenciesMetadata
de_oceanlabs_mcp_mcp_stable_1_8_9_22_1_8_9_forge_1_8_9_11_15_1_2318_1_8_9_forge.org.jetbrains.kotlin:kotlin-stdlib-jdk8:1.6.21=oneconfigCompileClasspath,oneconfigCompileOnlyDependenciesMetadata
de_oceanlabs_mcp_mcp_stable_1_8_9_22_1_8_9_forge_1_8_9_11_15_1_2318_1_8_9_forge.org.jetbrains.kotlin:kotlin-stdlib:1.6.21=oneconfigCompileClasspath,oneconfigCompileOnlyDependenciesMetadata
de_oceanlabs_mcp_mcp_stable_1_8_9_22_1_8_9_forge_1_8_9_11_15_1_2318_1_8_9_forge.org.jetbrains.kotlinx:atomicfu-jvm:0.17.1=oneconfigCompileClasspath,oneconfigCompileOnlyDependenciesMetadata
de_oceanlabs_mcp_mcp_stable_1_8_9_22_1_8_9_forge_1_8_9_11_15_1_2318_1_8_9_forge.org.jetbrains.kotlinx:kotlinx-coroutines-core-jvm:1.6.0=oneconfigCompileClasspath,oneconfigCompileOnlyDependenciesMetadata
de_oceanlabs_mcp_mcp_stable_1_8_9_22_1_8_9_forge_1_8_9_11_15_1_2318_1_8_9_forge.org.jetbrains.kotlinx:kotlinx-coroutines-core:1.6.0=oneconfigCompileClasspath,oneconfigCompileOnlyDependenciesMetadata
de_oceanlabs_mcp_mcp_stable_1_8_9_22_1_8_9_forge_1_8_9_11_15_1_2318_1_8_9_forge.org.jetbrains.kotlinx:kotlinx-coroutines-jdk8:1.6.0=oneconfigCompileClasspath,oneconfigCompileOnlyDependenciesMetadata
de_oceanlabs_mcp_mcp_stable_1_8_9_22_1_8_9_forge_1_8_9_11_15_1_2318_1_8_9_forge.org.jetbrains.kotlinx:kotlinx-serialization-cbor-jvm:1.3.2=oneconfigCompileClasspath,oneconfigCompileOnlyDependenciesMetadata
de_oceanlabs_mcp_mcp_stable_1_8_9_22_1_8_9_forge_1_8_9_11_15_1_2318_1_8_9_forge.org.jetbrains.kotlinx:kotlinx-serialization-core-jvm:1.3.2=oneconfigCompileClasspath,oneconfigCompileOnlyDependenciesMetadata
de_oceanlabs_mcp_mcp_stable_1_8_9_22_1_8_9_forge_1_8_9_11_15_1_2318_1_8_9_forge.org.jetbrains.kotlinx:kotlinx-serialization-json-jvm:1.3.2=oneconfigCompileClasspath,oneconfigCompileOnlyDependenciesMetadata
de_oceanlabs_mcp_mcp_stable_1_8_9_22_1_8_9_forge_1_8_9_11_15_1_2318_1_8_9_forge.org.jetbrains:annotations:13.0=oneconfigCompileClasspath,oneconfigCompileOnlyDependenciesMetadata
de_oceanlabs_mcp_mcp_stable_1_8_9_22_1_8_9_forge_1_8_9_11_15_1_2318_1_8_9_forge.org.notenoughupdates.moulconfig:legacy:2.2.0=annotationProcessor,compileClasspath,modCompileClasspathMapped,modImplementationMapped,oneconfigAnnotationProcessor,oneconfigCompileClasspath,oneconfigImplementationDependenciesMetadata,oneconfigRuntimeClasspath,runtimeClasspath,testAnnotationProcessor,testCompileClasspath,testRuntimeClasspath
dev.zacsweers.autoservice:auto-service-ksp:1.0.0=kspKotlinProcessorClasspath,kspOneconfigKotlinProcessorClasspath,kspTestKotlinProcessorClasspath
info.bliki.wiki:bliki-core:3.1.0=apiDependenciesMetadata,compileClasspath,implementationDependenciesMetadata,oneconfigCompileClasspath,oneconfigImplementationDependenciesMetadata,oneconfigRuntimeClasspath,runtimeClasspath,shadowApi,testCompileClasspath,testImplementationDependenciesMetadata,testRuntimeClasspath
io.github.davidburstrom.contester:contester-breakpoint:0.2.0=detekt
io.github.detekt.sarif4k:sarif4k-jvm:0.4.0=detekt
io.gitlab.arturbosch.detekt:detekt-api:1.23.0=detekt
io.gitlab.arturbosch.detekt:detekt-cli:1.23.0=detekt
io.gitlab.arturbosch.detekt:detekt-core:1.23.0=detekt
io.gitlab.arturbosch.detekt:detekt-metrics:1.23.0=detekt
io.gitlab.arturbosch.detekt:detekt-parser:1.23.0=detekt
io.gitlab.arturbosch.detekt:detekt-psi-utils:1.23.0=detekt
io.gitlab.arturbosch.detekt:detekt-report-html:1.23.0=detekt
io.gitlab.arturbosch.detekt:detekt-report-md:1.23.0=detekt
io.gitlab.arturbosch.detekt:detekt-report-sarif:1.23.0=detekt
io.gitlab.arturbosch.detekt:detekt-report-txt:1.23.0=detekt
io.gitlab.arturbosch.detekt:detekt-report-xml:1.23.0=detekt
io.gitlab.arturbosch.detekt:detekt-rules-complexity:1.23.0=detekt
io.gitlab.arturbosch.detekt:detekt-rules-coroutines:1.23.0=detekt
io.gitlab.arturbosch.detekt:detekt-rules-documentation:1.23.0=detekt
io.gitlab.arturbosch.detekt:detekt-rules-empty:1.23.0=detekt
io.gitlab.arturbosch.detekt:detekt-rules-errorprone:1.23.0=detekt
io.gitlab.arturbosch.detekt:detekt-rules-exceptions:1.23.0=detekt
io.gitlab.arturbosch.detekt:detekt-rules-naming:1.23.0=detekt
io.gitlab.arturbosch.detekt:detekt-rules-performance:1.23.0=detekt
io.gitlab.arturbosch.detekt:detekt-rules-style:1.23.0=detekt
io.gitlab.arturbosch.detekt:detekt-rules:1.23.0=detekt
io.gitlab.arturbosch.detekt:detekt-tooling:1.23.0=detekt
io.gitlab.arturbosch.detekt:detekt-utils:1.23.0=detekt
io.netty:netty-all:4.0.23.Final=annotationProcessor,compileClasspath,forgeRuntimeLibrary,loaderLibraries,minecraftLibraries,minecraftNamed,oneconfigAnnotationProcessor,oneconfigCompileClasspath,oneconfigImplementationDependenciesMetadata,oneconfigRuntimeClasspath,runtimeClasspath,testAnnotationProcessor,testCompileClasspath,testRuntimeClasspath
java3d:vecmath:1.5.2=annotationProcessor,compileClasspath,forgeDependencies,forgeRuntimeLibrary,loaderLibraries,minecraftLibraries,minecraftNamed,oneconfigAnnotationProcessor,oneconfigCompileClasspath,oneconfigImplementationDependenciesMetadata,oneconfigRuntimeClasspath,runtimeClasspath,testAnnotationProcessor,testCompileClasspath,testRuntimeClasspath
jline:jline:2.13=annotationProcessor,compileClasspath,forgeDependencies,forgeRuntimeLibrary,loaderLibraries,minecraftLibraries,minecraftNamed,oneconfigAnnotationProcessor,oneconfigCompileClasspath,oneconfigImplementationDependenciesMetadata,oneconfigRuntimeClasspath,runtimeClasspath,testAnnotationProcessor,testCompileClasspath,testRuntimeClasspath
loom.resolved:mappings:1.8.9/de.oceanlabs.mcp.mcp_stable.1_8_9.22-1.8.9-forge-1.8.9-11.15.1.2318-1.8.9=annotationProcessor,mappingsFinal,oneconfigAnnotationProcessor,runtimeClasspath,testAnnotationProcessor,testRuntimeClasspath
lzma:lzma:0.0.1=annotationProcessor,compileClasspath,forgeDependencies,forgeRuntimeLibrary,loaderLibraries,minecraftLibraries,minecraftNamed,oneconfigAnnotationProcessor,oneconfigCompileClasspath,oneconfigImplementationDependenciesMetadata,oneconfigRuntimeClasspath,runtimeClasspath,testAnnotationProcessor,testCompileClasspath,testRuntimeClasspath
me.djtheredstoner:DevAuth-common:1.1.0=runtimeClasspath
me.djtheredstoner:DevAuth-forge-legacy:1.1.0=runtimeClasspath
net.fabricmc:dev-launch-injector:0.2.1+build.8=loomDevelopmentDependencies,runtimeClasspath,testRuntimeClasspath
net.fabricmc:fabric-mixin-compile-extensions:0.5.0=annotationProcessor,oneconfigAnnotationProcessor,testAnnotationProcessor
net.fabricmc:mapping-io:0.2.1=annotationProcessor,oneconfigAnnotationProcessor,testAnnotationProcessor
net.fabricmc:sponge-mixin:0.11.4+mixin.0.8.5=annotationProcessor,oneconfigAnnotationProcessor,testAnnotationProcessor
net.java.dev.jna:jna:3.4.0=annotationProcessor,compileClasspath,forgeRuntimeLibrary,loaderLibraries,minecraftLibraries,minecraftNamed,oneconfigAnnotationProcessor,oneconfigCompileClasspath,oneconfigImplementationDependenciesMetadata,oneconfigRuntimeClasspath,runtimeClasspath,testAnnotationProcessor,testCompileClasspath,testRuntimeClasspath
net.java.dev.jna:jna:5.6.0=detekt,kotlinCompilerClasspath,kotlinCompilerPluginClasspathMain,kotlinCompilerPluginClasspathOneconfig,kotlinCompilerPluginClasspathTest,kotlinKlibCommonizerClasspath,kspPluginClasspath
net.java.dev.jna:platform:3.4.0=annotationProcessor,compileClasspath,forgeRuntimeLibrary,loaderLibraries,minecraftLibraries,minecraftNamed,oneconfigAnnotationProcessor,oneconfigCompileClasspath,oneconfigImplementationDependenciesMetadata,oneconfigRuntimeClasspath,runtimeClasspath,testAnnotationProcessor,testCompileClasspath,testRuntimeClasspath
net.java.jinput:jinput-platform:2.0.5=annotationProcessor,forgeDependencies,forgeRuntimeLibrary,oneconfigAnnotationProcessor,oneconfigRuntimeClasspath,runtimeClasspath,testAnnotationProcessor,testRuntimeClasspath
net.java.jinput:jinput:2.0.5=annotationProcessor,compileClasspath,forgeDependencies,forgeRuntimeLibrary,loaderLibraries,minecraftLibraries,minecraftNamed,oneconfigAnnotationProcessor,oneconfigCompileClasspath,oneconfigImplementationDependenciesMetadata,oneconfigRuntimeClasspath,runtimeClasspath,testAnnotationProcessor,testCompileClasspath,testRuntimeClasspath
net.java.jutils:jutils:1.0.0=annotationProcessor,compileClasspath,forgeDependencies,forgeRuntimeLibrary,loaderLibraries,minecraftLibraries,minecraftNamed,oneconfigAnnotationProcessor,oneconfigCompileClasspath,oneconfigImplementationDependenciesMetadata,oneconfigRuntimeClasspath,runtimeClasspath,testAnnotationProcessor,testCompileClasspath,testRuntimeClasspath
net.minecraft:launchwrapper:1.12=annotationProcessor,compileClasspath,forgeDependencies,forgeRuntimeLibrary,loaderLibraries,minecraftLibraries,minecraftNamed,oneconfigAnnotationProcessor,oneconfigCompileClasspath,oneconfigImplementationDependenciesMetadata,oneconfigRuntimeClasspath,runtimeClasspath,testAnnotationProcessor,testCompileClasspath,testRuntimeClasspath
net.minecraft:minecraft-mapped:1.8.9/de.oceanlabs.mcp.mcp_stable.1_8_9.22-1.8.9-forge-1.8.9-11.15.1.2318-1.8.9=annotationProcessor,compileClasspath,forgeRuntimeLibrary,minecraftNamed,oneconfigAnnotationProcessor,oneconfigCompileClasspath,oneconfigImplementationDependenciesMetadata,oneconfigRuntimeClasspath,runtimeClasspath,testAnnotationProcessor,testCompileClasspath,testRuntimeClasspath
net.minecraftforge-loom:forge-mapped:1.8.9/de.oceanlabs.mcp.mcp_stable.1_8_9.22-1.8.9-forge-1.8.9-11.15.1.2318-1.8.9/forge=annotationProcessor,compileClasspath,forgeNamed,forgeRuntimeLibrary,oneconfigAnnotationProcessor,oneconfigCompileClasspath,oneconfigImplementationDependenciesMetadata,oneconfigRuntimeClasspath,runtimeClasspath,testAnnotationProcessor,testCompileClasspath,testRuntimeClasspath
net.minecraftforge:forge:1.8.9-11.15.1.2318-1.8.9=forge,forgeInstaller,forgeUniversal,forgeUserdev
net.minecrell:terminalconsoleappender:1.2.0=loomDevelopmentDependencies,runtimeClasspath,testRuntimeClasspath
net.sf.jopt-simple:jopt-simple:4.5=forgeDependencies
net.sf.jopt-simple:jopt-simple:4.6=annotationProcessor,compileClasspath,forgeRuntimeLibrary,loaderLibraries,minecraftLibraries,minecraftNamed,oneconfigAnnotationProcessor,oneconfigCompileClasspath,oneconfigImplementationDependenciesMetadata,oneconfigRuntimeClasspath,runtimeClasspath,testAnnotationProcessor,testCompileClasspath,testRuntimeClasspath
net.sf.trove4j:trove4j:3.0.3=annotationProcessor,compileClasspath,forgeDependencies,forgeRuntimeLibrary,loaderLibraries,minecraftLibraries,minecraftNamed,oneconfigAnnotationProcessor,oneconfigCompileClasspath,oneconfigImplementationDependenciesMetadata,oneconfigRuntimeClasspath,runtimeClasspath,testAnnotationProcessor,testCompileClasspath,testRuntimeClasspath
org.apache.commons:commons-compress:1.8.1=annotationProcessor,apiDependenciesMetadata,compileClasspath,forgeRuntimeLibrary,implementationDependenciesMetadata,loaderLibraries,minecraftLibraries,minecraftNamed,oneconfigAnnotationProcessor,oneconfigCompileClasspath,oneconfigImplementationDependenciesMetadata,oneconfigRuntimeClasspath,runtimeClasspath,shadowApi,testAnnotationProcessor,testCompileClasspath,testImplementationDependenciesMetadata,testRuntimeClasspath
org.apache.commons:commons-lang3:3.3.2=annotationProcessor,forgeRuntimeLibrary,loaderLibraries,minecraftLibraries,minecraftNamed,oneconfigAnnotationProcessor,testAnnotationProcessor
org.apache.commons:commons-lang3:3.4=apiDependenciesMetadata,compileClasspath,implementationDependenciesMetadata,oneconfigCompileClasspath,oneconfigImplementationDependenciesMetadata,oneconfigRuntimeClasspath,runtimeClasspath,shadowApi,testCompileClasspath,testImplementationDependenciesMetadata,testRuntimeClasspath
org.apache.httpcomponents:httpclient:4.3.3=annotationProcessor,forgeRuntimeLibrary,loaderLibraries,minecraftLibraries,minecraftNamed,oneconfigAnnotationProcessor,testAnnotationProcessor
org.apache.httpcomponents:httpclient:4.3.6=apiDependenciesMetadata,compileClasspath,implementationDependenciesMetadata,oneconfigCompileClasspath,oneconfigImplementationDependenciesMetadata,oneconfigRuntimeClasspath,runtimeClasspath,shadowApi,testCompileClasspath,testImplementationDependenciesMetadata,testRuntimeClasspath
org.apache.httpcomponents:httpcore:4.3.2=annotationProcessor,forgeRuntimeLibrary,loaderLibraries,minecraftLibraries,minecraftNamed,oneconfigAnnotationProcessor,testAnnotationProcessor
org.apache.httpcomponents:httpcore:4.3.3=apiDependenciesMetadata,compileClasspath,implementationDependenciesMetadata,oneconfigCompileClasspath,oneconfigImplementationDependenciesMetadata,oneconfigRuntimeClasspath,runtimeClasspath,shadowApi,testCompileClasspath,testImplementationDependenciesMetadata,testRuntimeClasspath
org.apache.logging.log4j:log4j-api:2.0-beta9=annotationProcessor,compileClasspath,forgeDependencies,forgeRuntimeLibrary,loaderLibraries,minecraftLibraries,minecraftNamed,oneconfigAnnotationProcessor,oneconfigCompileClasspath,oneconfigImplementationDependenciesMetadata,oneconfigRuntimeClasspath,testAnnotationProcessor,testCompileClasspath
org.apache.logging.log4j:log4j-api:2.8.1=loomDevelopmentDependencies,runtimeClasspath,testRuntimeClasspath
org.apache.logging.log4j:log4j-core:2.0-beta9=annotationProcessor,compileClasspath,forgeDependencies,forgeRuntimeLibrary,loaderLibraries,minecraftLibraries,minecraftNamed,oneconfigAnnotationProcessor,oneconfigCompileClasspath,oneconfigImplementationDependenciesMetadata,oneconfigRuntimeClasspath,testAnnotationProcessor,testCompileClasspath
org.apache.logging.log4j:log4j-core:2.8.1=loomDevelopmentDependencies,runtimeClasspath,testRuntimeClasspath
org.apiguardian:apiguardian-api:1.1.2=testCompileClasspath,testImplementationDependenciesMetadata,testRuntimeClasspath
org.checkerframework:checker-qual:3.8.0=kspKotlinProcessorClasspath,kspOneconfigKotlinProcessorClasspath,kspTestKotlinProcessorClasspath
org.fusesource.jansi:jansi:1.11=annotationProcessor,compileClasspath,forgeDependencies,forgeRuntimeLibrary,oneconfigAnnotationProcessor,oneconfigCompileClasspath,oneconfigImplementationDependenciesMetadata,oneconfigRuntimeClasspath,runtimeClasspath,testAnnotationProcessor,testCompileClasspath,testRuntimeClasspath
org.jetbrains.intellij.deps:trove4j:1.0.20200330=detekt,kotlinCompilerClasspath,kotlinCompilerPluginClasspathMain,kotlinCompilerPluginClasspathOneconfig,kotlinCompilerPluginClasspathTest,kotlinKlibCommonizerClasspath,kspPluginClasspath,kspPluginClasspathNonEmbeddable
org.jetbrains.kotlin:kotlin-bom:1.8.0=compileClasspath,implementationDependenciesMetadata,oneconfigCompileClasspath,oneconfigImplementationDependenciesMetadata,oneconfigRuntimeClasspath,runtimeClasspath,testCompileClasspath,testImplementationDependenciesMetadata,testRuntimeClasspath
org.jetbrains.kotlin:kotlin-compiler-embeddable:1.8.21=detekt,kotlinCompilerClasspath,kotlinCompilerPluginClasspathMain,kotlinCompilerPluginClasspathOneconfig,kotlinCompilerPluginClasspathTest,kotlinKlibCommonizerClasspath,kspPluginClasspath
org.jetbrains.kotlin:kotlin-compiler:1.8.21=kspPluginClasspathNonEmbeddable
org.jetbrains.kotlin:kotlin-daemon-embeddable:1.8.21=detekt,kotlinCompilerClasspath,kotlinCompilerPluginClasspathMain,kotlinCompilerPluginClasspathOneconfig,kotlinCompilerPluginClasspathTest,kotlinKlibCommonizerClasspath,kspPluginClasspath
org.jetbrains.kotlin:kotlin-klib-commonizer-embeddable:1.8.21=kotlinKlibCommonizerClasspath
org.jetbrains.kotlin:kotlin-reflect:1.6.10=kotlinCompilerClasspath,kotlinCompilerPluginClasspathMain,kotlinCompilerPluginClasspathOneconfig,kotlinCompilerPluginClasspathTest,kotlinKlibCommonizerClasspath,kspPluginClasspath,kspPluginClasspathNonEmbeddable
org.jetbrains.kotlin:kotlin-reflect:1.7.0=kspKotlinProcessorClasspath,kspOneconfigKotlinProcessorClasspath,kspTestKotlinProcessorClasspath
org.jetbrains.kotlin:kotlin-reflect:1.8.0=compileClasspath,implementationDependenciesMetadata,oneconfigCompileClasspath,oneconfigImplementationDependenciesMetadata,oneconfigRuntimeClasspath,runtimeClasspath,testCompileClasspath,testImplementationDependenciesMetadata,testRuntimeClasspath
org.jetbrains.kotlin:kotlin-reflect:1.8.21=detekt,kotlinDependencies
org.jetbrains.kotlin:kotlin-script-runtime:1.8.21=detekt,kotlinCompilerClasspath,kotlinCompilerPluginClasspathMain,kotlinCompilerPluginClasspathOneconfig,kotlinCompilerPluginClasspathTest,kotlinKlibCommonizerClasspath,kspPluginClasspath,kspPluginClasspathNonEmbeddable
org.jetbrains.kotlin:kotlin-scripting-common:1.8.21=kotlinCompilerPluginClasspathMain,kotlinCompilerPluginClasspathOneconfig,kotlinCompilerPluginClasspathTest
org.jetbrains.kotlin:kotlin-scripting-compiler-embeddable:1.8.21=kotlinCompilerPluginClasspathMain,kotlinCompilerPluginClasspathOneconfig,kotlinCompilerPluginClasspathTest
org.jetbrains.kotlin:kotlin-scripting-compiler-impl-embeddable:1.8.21=kotlinCompilerPluginClasspathMain,kotlinCompilerPluginClasspathOneconfig,kotlinCompilerPluginClasspathTest
org.jetbrains.kotlin:kotlin-scripting-jvm:1.8.21=kotlinCompilerPluginClasspathMain,kotlinCompilerPluginClasspathOneconfig,kotlinCompilerPluginClasspathTest
org.jetbrains.kotlin:kotlin-stdlib-common:1.8.0=compileClasspath,implementationDependenciesMetadata,oneconfigCompileClasspath,oneconfigImplementationDependenciesMetadata,oneconfigRuntimeClasspath,runtimeClasspath,testCompileClasspath,testImplementationDependenciesMetadata,testRuntimeClasspath
org.jetbrains.kotlin:kotlin-stdlib-common:1.8.21=detekt,kotlinCompilerClasspath,kotlinCompilerPluginClasspathMain,kotlinCompilerPluginClasspathOneconfig,kotlinCompilerPluginClasspathTest,kotlinDependencies,kotlinKlibCommonizerClasspath,kspKotlinProcessorClasspath,kspOneconfigKotlinProcessorClasspath,kspPluginClasspath,kspPluginClasspathNonEmbeddable,kspTestKotlinProcessorClasspath
org.jetbrains.kotlin:kotlin-stdlib-common:1.8.22=detektPlugins
org.jetbrains.kotlin:kotlin-stdlib-jdk7:1.8.21=detekt,kspKotlinProcessorClasspath,kspOneconfigKotlinProcessorClasspath,kspTestKotlinProcessorClasspath,oneconfigRuntimeClasspath
org.jetbrains.kotlin:kotlin-stdlib-jdk7:1.8.22=detektPlugins
org.jetbrains.kotlin:kotlin-stdlib-jdk8:1.8.21=detekt,kspKotlinProcessorClasspath,kspOneconfigKotlinProcessorClasspath,kspTestKotlinProcessorClasspath,oneconfigRuntimeClasspath
org.jetbrains.kotlin:kotlin-stdlib-jdk8:1.8.22=detektPlugins
org.jetbrains.kotlin:kotlin-stdlib:1.8.0=compileClasspath,implementationDependenciesMetadata,oneconfigCompileClasspath,oneconfigImplementationDependenciesMetadata,oneconfigRuntimeClasspath,runtimeClasspath,testCompileClasspath,testImplementationDependenciesMetadata,testRuntimeClasspath
org.jetbrains.kotlin:kotlin-stdlib:1.8.21=detekt,kotlinCompilerClasspath,kotlinCompilerPluginClasspathMain,kotlinCompilerPluginClasspathOneconfig,kotlinCompilerPluginClasspathTest,kotlinDependencies,kotlinKlibCommonizerClasspath,kspKotlinProcessorClasspath,kspOneconfigKotlinProcessorClasspath,kspPluginClasspath,kspPluginClasspathNonEmbeddable,kspTestKotlinProcessorClasspath
org.jetbrains.kotlin:kotlin-stdlib:1.8.22=detektPlugins
org.jetbrains.kotlinx:kotlinx-html-jvm:0.8.1=detekt
org.jetbrains.kotlinx:kotlinx-serialization-core-jvm:1.4.1=detekt
org.jetbrains.kotlinx:kotlinx-serialization-json-jvm:1.4.1=detekt
org.jetbrains:annotations:13.0=detekt,detektPlugins,implementationDependenciesMetadata,kotlinCompilerClasspath,kotlinCompilerPluginClasspathMain,kotlinCompilerPluginClasspathOneconfig,kotlinCompilerPluginClasspathTest,kotlinDependencies,kotlinKlibCommonizerClasspath,kspKotlinProcessorClasspath,kspOneconfigKotlinProcessorClasspath,kspPluginClasspath,kspPluginClasspathNonEmbeddable,kspTestKotlinProcessorClasspath,runtimeClasspath,testImplementationDependenciesMetadata,testRuntimeClasspath
org.jetbrains:annotations:24.0.1=compileClasspath,compileOnlyDependenciesMetadata,oneconfigCompileClasspath,oneconfigImplementationDependenciesMetadata,oneconfigRuntimeClasspath,testCompileClasspath
org.jline:jline-reader:3.12.1=loomDevelopmentDependencies,runtimeClasspath,testRuntimeClasspath
org.jline:jline-terminal:3.12.1=loomDevelopmentDependencies,runtimeClasspath,testRuntimeClasspath
org.junit.jupiter:junit-jupiter-api:5.9.2=testCompileClasspath,testImplementationDependenciesMetadata,testRuntimeClasspath
org.junit.jupiter:junit-jupiter-engine:5.9.2=testRuntimeClasspath
org.junit.jupiter:junit-jupiter-params:5.9.2=testCompileClasspath,testImplementationDependenciesMetadata,testRuntimeClasspath
org.junit.jupiter:junit-jupiter:5.9.2=testCompileClasspath,testImplementationDependenciesMetadata,testRuntimeClasspath
org.junit.platform:junit-platform-commons:1.9.2=testCompileClasspath,testImplementationDependenciesMetadata,testRuntimeClasspath
org.junit.platform:junit-platform-engine:1.9.2=testRuntimeClasspath
org.luaj:luaj-jse:3.0.1=apiDependenciesMetadata,compileClasspath,implementationDependenciesMetadata,oneconfigCompileClasspath,oneconfigImplementationDependenciesMetadata,oneconfigRuntimeClasspath,runtimeClasspath,shadowApi,testCompileClasspath,testImplementationDependenciesMetadata,testRuntimeClasspath
org.lwjgl.lwjgl:lwjgl-platform:2.9.1=forgeDependencies
org.lwjgl.lwjgl:lwjgl-platform:2.9.4-nightly-20150209=annotationProcessor,compileClasspath,forgeRuntimeLibrary,oneconfigAnnotationProcessor,oneconfigCompileClasspath,oneconfigImplementationDependenciesMetadata,oneconfigRuntimeClasspath,runtimeClasspath,testAnnotationProcessor,testCompileClasspath,testRuntimeClasspath
org.lwjgl.lwjgl:lwjgl:2.9.1=forgeDependencies
org.lwjgl.lwjgl:lwjgl:2.9.4-nightly-20150209=annotationProcessor,compileClasspath,forgeRuntimeLibrary,loaderLibraries,minecraftLibraries,minecraftNamed,oneconfigAnnotationProcessor,oneconfigCompileClasspath,oneconfigImplementationDependenciesMetadata,oneconfigRuntimeClasspath,runtimeClasspath,testAnnotationProcessor,testCompileClasspath,testRuntimeClasspath
org.lwjgl.lwjgl:lwjgl_util:2.9.4-nightly-20150209=annotationProcessor,compileClasspath,forgeRuntimeLibrary,loaderLibraries,minecraftLibraries,minecraftNamed,oneconfigAnnotationProcessor,oneconfigCompileClasspath,oneconfigImplementationDependenciesMetadata,oneconfigRuntimeClasspath,runtimeClasspath,testAnnotationProcessor,testCompileClasspath,testRuntimeClasspath
org.notenoughupdates.moulconfig:legacy:2.2.0=modCompileClasspath,modImplementation,shadowOnly
org.notenoughupdates:detektrules:1.0.0=detektPlugins
org.opentest4j:opentest4j:1.2.0=testCompileClasspath,testImplementationDependenciesMetadata,testRuntimeClasspath
org.ow2.asm:asm-analysis:9.2=annotationProcessor,testAnnotationProcessor
org.ow2.asm:asm-commons:9.2=annotationProcessor,testAnnotationProcessor
org.ow2.asm:asm-debug-all:5.0.3=annotationProcessor,compileClasspath,forgeDependencies,forgeRuntimeLibrary,loaderLibraries,minecraftLibraries,minecraftNamed,oneconfigAnnotationProcessor,oneconfigCompileClasspath,oneconfigImplementationDependenciesMetadata,oneconfigRuntimeClasspath,runtimeClasspath,testAnnotationProcessor,testCompileClasspath,testRuntimeClasspath
org.ow2.asm:asm-tree:9.2=annotationProcessor,testAnnotationProcessor
org.ow2.asm:asm-util:9.2=annotationProcessor,testAnnotationProcessor
org.ow2.asm:asm:9.3=annotationProcessor,oneconfigAnnotationProcessor,testAnnotationProcessor
org.projectlombok:lombok:1.18.24=annotationProcessor,compileClasspath,compileOnlyDependenciesMetadata,oneconfigAnnotationProcessor,oneconfigCompileClasspath,oneconfigImplementationDependenciesMetadata,oneconfigRuntimeClasspath,testCompileClasspath
org.scala-lang.modules:scala-parser-combinators_2.11:1.0.1=annotationProcessor,compileClasspath,forgeDependencies,forgeRuntimeLibrary,loaderLibraries,minecraftLibraries,minecraftNamed,oneconfigAnnotationProcessor,oneconfigCompileClasspath,oneconfigImplementationDependenciesMetadata,oneconfigRuntimeClasspath,runtimeClasspath,testAnnotationProcessor,testCompileClasspath,testRuntimeClasspath
org.scala-lang.modules:scala-swing_2.11:1.0.1=annotationProcessor,compileClasspath,forgeDependencies,forgeRuntimeLibrary,loaderLibraries,minecraftLibraries,minecraftNamed,oneconfigAnnotationProcessor,oneconfigCompileClasspath,oneconfigImplementationDependenciesMetadata,oneconfigRuntimeClasspath,runtimeClasspath,testAnnotationProcessor,testCompileClasspath,testRuntimeClasspath
org.scala-lang.modules:scala-xml_2.11:1.0.2=annotationProcessor,compileClasspath,forgeDependencies,forgeRuntimeLibrary,loaderLibraries,minecraftLibraries,minecraftNamed,oneconfigAnnotationProcessor,oneconfigCompileClasspath,oneconfigImplementationDependenciesMetadata,oneconfigRuntimeClasspath,runtimeClasspath,testAnnotationProcessor,testCompileClasspath,testRuntimeClasspath
org.scala-lang.plugins:scala-continuations-library_2.11:1.0.2=annotationProcessor,compileClasspath,forgeDependencies,forgeRuntimeLibrary,loaderLibraries,minecraftLibraries,minecraftNamed,oneconfigAnnotationProcessor,oneconfigCompileClasspath,oneconfigImplementationDependenciesMetadata,oneconfigRuntimeClasspath,runtimeClasspath,testAnnotationProcessor,testCompileClasspath,testRuntimeClasspath
org.scala-lang.plugins:scala-continuations-plugin_2.11.1:1.0.2=annotationProcessor,compileClasspath,forgeDependencies,forgeRuntimeLibrary,loaderLibraries,minecraftLibraries,minecraftNamed,oneconfigAnnotationProcessor,oneconfigCompileClasspath,oneconfigImplementationDependenciesMetadata,oneconfigRuntimeClasspath,runtimeClasspath,testAnnotationProcessor,testCompileClasspath,testRuntimeClasspath
org.scala-lang:scala-actors-migration_2.11:1.1.0=annotationProcessor,compileClasspath,forgeDependencies,forgeRuntimeLibrary,loaderLibraries,minecraftLibraries,minecraftNamed,oneconfigAnnotationProcessor,oneconfigCompileClasspath,oneconfigImplementationDependenciesMetadata,oneconfigRuntimeClasspath,runtimeClasspath,testAnnotationProcessor,testCompileClasspath,testRuntimeClasspath
org.scala-lang:scala-actors:2.11.0=annotationProcessor,compileClasspath,forgeDependencies,forgeRuntimeLibrary,oneconfigAnnotationProcessor,oneconfigCompileClasspath,oneconfigImplementationDependenciesMetadata,oneconfigRuntimeClasspath,runtimeClasspath,testAnnotationProcessor,testCompileClasspath,testRuntimeClasspath
org.scala-lang:scala-compiler:2.11.1=annotationProcessor,compileClasspath,forgeDependencies,forgeRuntimeLibrary,loaderLibraries,minecraftLibraries,minecraftNamed,oneconfigAnnotationProcessor,oneconfigCompileClasspath,oneconfigImplementationDependenciesMetadata,oneconfigRuntimeClasspath,runtimeClasspath,testAnnotationProcessor,testCompileClasspath,testRuntimeClasspath
org.scala-lang:scala-library:2.11.1=annotationProcessor,compileClasspath,forgeDependencies,forgeRuntimeLibrary,loaderLibraries,minecraftLibraries,minecraftNamed,oneconfigAnnotationProcessor,oneconfigCompileClasspath,oneconfigImplementationDependenciesMetadata,oneconfigRuntimeClasspath,runtimeClasspath,testAnnotationProcessor,testCompileClasspath,testRuntimeClasspath
org.scala-lang:scala-reflect:2.11.1=annotationProcessor,compileClasspath,forgeDependencies,forgeRuntimeLibrary,loaderLibraries,minecraftLibraries,minecraftNamed,oneconfigAnnotationProcessor,oneconfigCompileClasspath,oneconfigImplementationDependenciesMetadata,oneconfigRuntimeClasspath,runtimeClasspath,testAnnotationProcessor,testCompileClasspath,testRuntimeClasspath
org.slf4j:slf4j-api:1.7.18=apiDependenciesMetadata,compileClasspath,implementationDependenciesMetadata,oneconfigCompileClasspath,oneconfigImplementationDependenciesMetadata,oneconfigRuntimeClasspath,runtimeClasspath,shadowApi,testCompileClasspath,testImplementationDependenciesMetadata,testRuntimeClasspath
org.snakeyaml:snakeyaml-engine:2.6=detekt
org.spongepowered:mixin:0.7.11-SNAPSHOT=compileClasspath,implementationDependenciesMetadata,oneconfigCompileClasspath,oneconfigImplementationDependenciesMetadata,oneconfigRuntimeClasspath,runtimeClasspath,shadowImplementation,testCompileClasspath,testImplementationDependenciesMetadata,testRuntimeClasspath
oshi-project:oshi-core:1.1=annotationProcessor,compileClasspath,forgeRuntimeLibrary,loaderLibraries,minecraftLibraries,minecraftNamed,oneconfigAnnotationProcessor,oneconfigCompileClasspath,oneconfigImplementationDependenciesMetadata,oneconfigRuntimeClasspath,runtimeClasspath,testAnnotationProcessor,testCompileClasspath,testRuntimeClasspath
tv.twitch:twitch-external-platform:4.5=annotationProcessor,compileClasspath,forgeRuntimeLibrary,oneconfigAnnotationProcessor,oneconfigCompileClasspath,oneconfigImplementationDependenciesMetadata,oneconfigRuntimeClasspath,runtimeClasspath,testAnnotationProcessor,testCompileClasspath,testRuntimeClasspath
tv.twitch:twitch-platform:6.5=annotationProcessor,compileClasspath,forgeRuntimeLibrary,oneconfigAnnotationProcessor,oneconfigCompileClasspath,oneconfigImplementationDependenciesMetadata,oneconfigRuntimeClasspath,runtimeClasspath,testAnnotationProcessor,testCompileClasspath,testRuntimeClasspath
tv.twitch:twitch:6.5=annotationProcessor,compileClasspath,forgeRuntimeLibrary,loaderLibraries,minecraftLibraries,minecraftNamed,oneconfigAnnotationProcessor,oneconfigCompileClasspath,oneconfigImplementationDependenciesMetadata,oneconfigRuntimeClasspath,runtimeClasspath,testAnnotationProcessor,testCompileClasspath,testRuntimeClasspath
empty=forgeExtra,generatedByKspKotlinApiDependenciesMetadata,generatedByKspKotlinCompileOnlyDependenciesMetadata,generatedByKspKotlinImplementationDependenciesMetadata,generatedByKspKotlinIntransitiveDependenciesMetadata,generatedByKspOneconfigKotlinApiDependenciesMetadata,generatedByKspOneconfigKotlinCompileOnlyDependenciesMetadata,generatedByKspOneconfigKotlinImplementationDependenciesMetadata,generatedByKspOneconfigKotlinIntransitiveDependenciesMetadata,generatedByKspTestKotlinApiDependenciesMetadata,generatedByKspTestKotlinCompileOnlyDependenciesMetadata,generatedByKspTestKotlinImplementationDependenciesMetadata,generatedByKspTestKotlinIntransitiveDependenciesMetadata,intransitiveDependenciesMetadata,kotlinCompilerPluginClasspath,kotlinNativeCompilerPluginClasspath,kotlinScriptDef,kotlinScriptDefExtensions,localRuntime,mappingsConstants,modApi,modApiMapped,modCompileOnly,modCompileOnlyApi,modCompileOnlyApiMapped,modCompileOnlyMapped,modLocalRuntime,modLocalRuntimeMapped,modRuntime,modRuntimeMapped,modRuntimeOnly,modRuntimeOnlyMapped,oneconfigApiDependenciesMetadata,oneconfigIntransitiveDependenciesMetadata,oneconfigKotlinScriptDef,oneconfigKotlinScriptDefExtensions,shadow,testApiDependenciesMetadata,testCompileOnlyDependenciesMetadata,testIntransitiveDependenciesMetadata,testKotlinScriptDef,testKotlinScriptDefExtensions,unpick
